
Microsoft Visual Studio Solution File, Format Version 12.00
# Visual Studio 2013
VisualStudioVersion = 12.0.31101.0
MinimumVisualStudioVersion = 10.0.40219.1
Project("{FAE04EC0-301F-11D3-BF4B-00C04F79EFBC}") = "AdminLink", "AdminLink\AdminLink.csproj", "{D8A39A98-6AF4-415E-80C9-F971672F42AB}"
EndProject
Project("{FAE04EC0-301F-11D3-BF4B-00C04F79EFBC}") = "NixxisAdminControls", "NixxisAdminControls\NixxisAdminControls.csproj", "{67BDC57C-1E62-4000-AE32-3EB447AD0384}"
EndProject
Project("{FAE04EC0-301F-11D3-BF4B-00C04F79EFBC}") = "ApplicationHost", "ApplicationHost\ApplicationHost.csproj", "{B35A4BF9-BB77-43BA-B4F5-F15DAAA661BB}"
EndProject
Project("{FAE04EC0-301F-11D3-BF4B-00C04F79EFBC}") = "ExcelInterop", "ExcelInterop\ExcelInterop.csproj", "{6C96B7C4-F83B-43F6-9EB0-A9DBDDA607D7}"
EndProject
Project("{FAE04EC0-301F-11D3-BF4B-00C04F79EFBC}") = "NixxisAgentControl", "NixxisAgentControl\NixxisAgentControl.csproj", "{D246B426-7D00-4078-B4AD-15719621FC7F}"
EndProject
Project("{FAE04EC0-301F-11D3-BF4B-00C04F79EFBC}") = "NixxisClientDesktop", "NixxisClientDesktop\NixxisClientDesktop.csproj", "{D99600B5-6B2C-489C-A1AC-D7D150F649C5}"
EndProject
Project("{FAE04EC0-301F-11D3-BF4B-00C04F79EFBC}") = "NixxisClientLink", "NixxisClientLink\NixxisClientLink.csproj", "{AC0298AE-6AC8-48DC-BCEE-35B916FF44F2}"
EndProject
Project("{FAE04EC0-301F-11D3-BF4B-00C04F79EFBC}") = "NixxisRecordingControls", "NixxisRecordingControls\NixxisRecordingControls.csproj", "{8A89B009-146E-4162-A617-1B039BF8CF2D}"
EndProject
Project("{FAE04EC0-301F-11D3-BF4B-00C04F79EFBC}") = "NixxisReportingControls", "NixxisReportingControls\NixxisReportingControls.csproj", "{34ED1D1D-0EFC-4DF5-B1D5-17039A41A293}"
EndProject
Project("{FAE04EC0-301F-11D3-BF4B-00C04F79EFBC}") = "NixxisSupControls", "NixxisSupControls\NixxisSupControls.csproj", "{41215429-5E55-433B-B7B3-82F5DC5FC056}"
EndProject
Project("{FAE04EC0-301F-11D3-BF4B-00C04F79EFBC}") = "NixxisWpfControlsCommon", "NixxisWpfCommonControls\NixxisWpfControlsCommon.csproj", "{DAE35BA5-EDFC-4DB9-BC91-C94C1A7CD5E4}"
EndProject
Project("{FAE04EC0-301F-11D3-BF4B-00C04F79EFBC}") = "NixxisWpfControls", "NixxisControls\NixxisWpfControls.csproj", "{6FF8901B-0189-4B8D-BAA9-4D85F26CB34D}"
EndProject
Project("{FAE04EC0-301F-11D3-BF4B-00C04F79EFBC}") = "NixxisWpfControlsEditor", "NixxisWpfControlsEditor\NixxisWpfControlsEditor.csproj", "{737CC8B0-DBDA-4998-A579-BD22C388C67D}"
	ProjectSection(ProjectDependencies) = postProject
		{B30EEC2A-2DF4-42E8-84F9-04426E8CFE56} = {B30EEC2A-2DF4-42E8-84F9-04426E8CFE56}
	EndProjectSection
EndProject
Project("{FAE04EC0-301F-11D3-BF4B-00C04F79EFBC}") = "SupervisionclientV2", "SupervisionClientV2\SupervisionclientV2.csproj", "{94E8805F-21C0-47FC-96F9-78231E8A99B7}"
EndProject
Project("{FAE04EC0-301F-11D3-BF4B-00C04F79EFBC}") = "ConfigModel", "ConfigModel\ConfigModel.csproj", "{6859D73B-3410-4802-A576-22BCFFE6D1DA}"
EndProject
Project("{FAE04EC0-301F-11D3-BF4B-00C04F79EFBC}") = "CrConfigurator", "CrConfigurator\CrConfigurator.csproj", "{C39CE76C-4756-4210-BCAD-6F71FB5080A7}"
EndProject
Project("{FAE04EC0-301F-11D3-BF4B-00C04F79EFBC}") = "crCustomControl", "CrCustomControl\crCustomControl.csproj", "{38ADA692-27C4-43A8-9F2F-C13FB98D8C46}"
EndProject
Project("{FAE04EC0-301F-11D3-BF4B-00C04F79EFBC}") = "CrRecordingConfig", "CrRecordingConfig\CrRecordingConfig.csproj", "{E8783B29-20F6-46CE-8449-40E76ABB3FA3}"
EndProject
Project("{FAE04EC0-301F-11D3-BF4B-00C04F79EFBC}") = "CrCommonTools", "CrCommonTools\CrCommonTools.csproj", "{24FCADBD-F0BC-4FC4-B9EF-1BE6E8E0FECD}"
EndProject
Project("{FAE04EC0-301F-11D3-BF4B-00C04F79EFBC}") = "NixxisClientReferences", "NixxisClientReferences\NixxisClientReferences.csproj", "{B30EEC2A-2DF4-42E8-84F9-04426E8CFE56}"
EndProject
Project("{FAE04EC0-301F-11D3-BF4B-00C04F79EFBC}") = "WpfPropertyGrid", "WpfPropertyGrid\WpfPropertyGrid.csproj", "{5A48B67F-1E7E-4ED6-A201-F6CC8E7E6788}"
EndProject
Project("{FAE04EC0-301F-11D3-BF4B-00C04F79EFBC}") = "LavenderTheme", "LavenderDashboardTheme\LavenderTheme.csproj", "{0E38977B-8E28-48F5-8FAC-364F36538E10}"
EndProject
Project("{FAE04EC0-301F-11D3-BF4B-00C04F79EFBC}") = "CRShared", "CRShared\CRShared.csproj", "{16DBB7B7-5760-4C7A-8171-9A391C59D418}"
EndProject
Project("{FAE04EC0-301F-11D3-BF4B-00C04F79EFBC}") = "NixxisRfbServer", "NixxisRfb\NixxisRfbServer.csproj", "{23CE6007-D412-4182-9809-ED02D974CF64}"
EndProject
Project("{FAE04EC0-301F-11D3-BF4B-00C04F79EFBC}") = "NixxisRfbClient", "NixxisRfbClient\NixxisRfbClient.csproj", "{8740B467-6D65-427C-B85B-5CBE24586B1F}"
EndProject
Project("{FAE04EC0-301F-11D3-BF4B-00C04F79EFBC}") = "MediaProviderPlugins", "MediaProviderPlugins\MediaProviderPlugins.csproj", "{841BC84E-BC4B-4D55-B5D2-64B68E5CF206}"
EndProject
Global
	GlobalSection(TeamFoundationVersionControl) = preSolution
		SccNumberOfProjects = 27
		SccEnterpriseProvider = {4CA58AB2-18FA-4F8D-95D4-32DDF27D184C}
		SccTeamFoundationServer = http://tfs.nixxis.com:8080/tfs/nixxiscollection
		SccLocalPath0 = .
		SccProjectUniqueName1 = AdminLink\\AdminLink.csproj
		SccProjectName1 = AdminLink
		SccLocalPath1 = AdminLink
		SccProjectUniqueName2 = ApplicationHost\\ApplicationHost.csproj
		SccProjectName2 = ApplicationHost
		SccLocalPath2 = ApplicationHost
		SccProjectUniqueName3 = ExcelInterop\\ExcelInterop.csproj
		SccProjectName3 = ExcelInterop
		SccLocalPath3 = ExcelInterop
		SccProjectUniqueName4 = NixxisAdminControls\\NixxisAdminControls.csproj
		SccProjectName4 = NixxisAdminControls
		SccLocalPath4 = NixxisAdminControls
		SccProjectUniqueName5 = NixxisAgentControl\\NixxisAgentControl.csproj
		SccProjectName5 = NixxisAgentControl
		SccLocalPath5 = NixxisAgentControl
		SccProjectUniqueName6 = NixxisClientDesktop\\NixxisClientDesktop.csproj
		SccProjectName6 = NixxisClientDesktop
		SccLocalPath6 = NixxisClientDesktop
		SccProjectUniqueName7 = NixxisClientLink\\NixxisClientLink.csproj
		SccProjectName7 = NixxisClientLink
		SccLocalPath7 = NixxisClientLink
		SccProjectUniqueName8 = NixxisControls\\NixxisWpfControls.csproj
		SccProjectName8 = NixxisControls
		SccLocalPath8 = NixxisControls
		SccProjectUniqueName9 = NixxisRecordingControls\\NixxisRecordingControls.csproj
		SccProjectName9 = NixxisRecordingControls
		SccLocalPath9 = NixxisRecordingControls
		SccProjectUniqueName10 = NixxisReportingControls\\NixxisReportingControls.csproj
		SccProjectName10 = NixxisReportingControls
		SccLocalPath10 = NixxisReportingControls
		SccProjectUniqueName11 = NixxisSupControls\\NixxisSupControls.csproj
		SccProjectName11 = NixxisSupControls
		SccLocalPath11 = NixxisSupControls
		SccProjectUniqueName12 = NixxisWpfCommonControls\\NixxisWpfControlsCommon.csproj
		SccProjectName12 = NixxisWpfCommonControls
		SccLocalPath12 = NixxisWpfCommonControls
		SccProjectUniqueName13 = NixxisWpfControlsEditor\\NixxisWpfControlsEditor.csproj
		SccProjectName13 = NixxisWpfControlsEditor
		SccLocalPath13 = NixxisWpfControlsEditor
		SccProjectUniqueName14 = SupervisionClientV2\\SupervisionclientV2.csproj
		SccProjectName14 = SupervisionClientV2
		SccLocalPath14 = SupervisionClientV2
		SccProjectUniqueName15 = ConfigModel\\ConfigModel.csproj
		SccProjectName15 = ConfigModel
		SccLocalPath15 = ConfigModel
		SccProjectUniqueName16 = CrConfigurator\\CrConfigurator.csproj
		SccProjectName16 = CrConfigurator
		SccLocalPath16 = CrConfigurator
		SccProjectUniqueName17 = CrCustomControl\\crCustomControl.csproj
		SccProjectName17 = CrCustomControl
		SccLocalPath17 = CrCustomControl
		SccProjectUniqueName18 = CrRecordingConfig\\CrRecordingConfig.csproj
		SccProjectName18 = CrRecordingConfig
		SccLocalPath18 = CrRecordingConfig
		SccProjectUniqueName19 = CrCommonTools\\CrCommonTools.csproj
		SccProjectName19 = CrCommonTools
		SccLocalPath19 = CrCommonTools
		SccProjectUniqueName20 = NixxisClientReferences\\NixxisClientReferences.csproj
		SccProjectName20 = NixxisClientReferences
		SccLocalPath20 = NixxisClientReferences
		SccProjectUniqueName21 = WpfPropertyGrid\\WpfPropertyGrid.csproj
		SccProjectName21 = WpfPropertyGrid
		SccLocalPath21 = WpfPropertyGrid
		SccProjectUniqueName22 = LavenderDashboardTheme\\LavenderTheme.csproj
		SccProjectName22 = LavenderDashboardTheme
		SccLocalPath22 = LavenderDashboardTheme
		SccProjectUniqueName23 = CRShared\\CRShared.csproj
		SccProjectName23 = CRShared
		SccLocalPath23 = CRShared
		SccProjectUniqueName24 = NixxisRfb\\NixxisRfbServer.csproj
		SccProjectName24 = NixxisRfb
		SccLocalPath24 = NixxisRfb
		SccProjectUniqueName25 = NixxisRfbClient\\NixxisRfbClient.csproj
		SccProjectName25 = NixxisRfbClient
		SccLocalPath25 = NixxisRfbClient
		SccProjectUniqueName26 = MediaProviderPlugins\\MediaProviderPlugins.csproj
		SccProjectName26 = MediaProviderPlugins
		SccLocalPath26 = MediaProviderPlugins
	EndGlobalSection
	GlobalSection(SolutionConfigurationPlatforms) = preSolution
		Debug|Any CPU = Debug|Any CPU
		Debug|x64 = Debug|x64
		Debug|x86 = Debug|x86
		Release|Any CPU = Release|Any CPU
		Release|x64 = Release|x64
		Release|x86 = Release|x86
	EndGlobalSection
	GlobalSection(ProjectConfigurationPlatforms) = postSolution
		{D8A39A98-6AF4-415E-80C9-F971672F42AB}.Debug|Any CPU.ActiveCfg = Debug|Any CPU
		{D8A39A98-6AF4-415E-80C9-F971672F42AB}.Debug|Any CPU.Build.0 = Debug|Any CPU
		{D8A39A98-6AF4-415E-80C9-F971672F42AB}.Debug|x64.ActiveCfg = Debug|x64
		{D8A39A98-6AF4-415E-80C9-F971672F42AB}.Debug|x64.Build.0 = Debug|x64
		{D8A39A98-6AF4-415E-80C9-F971672F42AB}.Debug|x86.ActiveCfg = Debug|x86
		{D8A39A98-6AF4-415E-80C9-F971672F42AB}.Debug|x86.Build.0 = Debug|x86
		{D8A39A98-6AF4-415E-80C9-F971672F42AB}.Release|Any CPU.ActiveCfg = Release|Any CPU
		{D8A39A98-6AF4-415E-80C9-F971672F42AB}.Release|Any CPU.Build.0 = Release|Any CPU
		{D8A39A98-6AF4-415E-80C9-F971672F42AB}.Release|x64.ActiveCfg = Release|x64
		{D8A39A98-6AF4-415E-80C9-F971672F42AB}.Release|x64.Build.0 = Release|x64
		{D8A39A98-6AF4-415E-80C9-F971672F42AB}.Release|x86.ActiveCfg = Release|x86
		{D8A39A98-6AF4-415E-80C9-F971672F42AB}.Release|x86.Build.0 = Release|x86
		{67BDC57C-1E62-4000-AE32-3EB447AD0384}.Debug|Any CPU.ActiveCfg = Debug|Any CPU
		{67BDC57C-1E62-4000-AE32-3EB447AD0384}.Debug|Any CPU.Build.0 = Debug|Any CPU
		{67BDC57C-1E62-4000-AE32-3EB447AD0384}.Debug|x64.ActiveCfg = Debug|x64
		{67BDC57C-1E62-4000-AE32-3EB447AD0384}.Debug|x64.Build.0 = Debug|x64
		{67BDC57C-1E62-4000-AE32-3EB447AD0384}.Debug|x86.ActiveCfg = Debug|x86
		{67BDC57C-1E62-4000-AE32-3EB447AD0384}.Debug|x86.Build.0 = Debug|x86
		{67BDC57C-1E62-4000-AE32-3EB447AD0384}.Release|Any CPU.ActiveCfg = Release|Any CPU
		{67BDC57C-1E62-4000-AE32-3EB447AD0384}.Release|Any CPU.Build.0 = Release|Any CPU
		{67BDC57C-1E62-4000-AE32-3EB447AD0384}.Release|x64.ActiveCfg = Release|x64
		{67BDC57C-1E62-4000-AE32-3EB447AD0384}.Release|x64.Build.0 = Release|x64
		{67BDC57C-1E62-4000-AE32-3EB447AD0384}.Release|x86.ActiveCfg = Release|x86
		{67BDC57C-1E62-4000-AE32-3EB447AD0384}.Release|x86.Build.0 = Release|x86
		{B35A4BF9-BB77-43BA-B4F5-F15DAAA661BB}.Debug|Any CPU.ActiveCfg = Debug|Any CPU
		{B35A4BF9-BB77-43BA-B4F5-F15DAAA661BB}.Debug|Any CPU.Build.0 = Debug|Any CPU
		{B35A4BF9-BB77-43BA-B4F5-F15DAAA661BB}.Debug|x64.ActiveCfg = Debug|x64
		{B35A4BF9-BB77-43BA-B4F5-F15DAAA661BB}.Debug|x64.Build.0 = Debug|x64
		{B35A4BF9-BB77-43BA-B4F5-F15DAAA661BB}.Debug|x86.ActiveCfg = Debug|x86
		{B35A4BF9-BB77-43BA-B4F5-F15DAAA661BB}.Debug|x86.Build.0 = Debug|x86
		{B35A4BF9-BB77-43BA-B4F5-F15DAAA661BB}.Release|Any CPU.ActiveCfg = Release|Any CPU
		{B35A4BF9-BB77-43BA-B4F5-F15DAAA661BB}.Release|Any CPU.Build.0 = Release|Any CPU
		{B35A4BF9-BB77-43BA-B4F5-F15DAAA661BB}.Release|x64.ActiveCfg = Release|x64
		{B35A4BF9-BB77-43BA-B4F5-F15DAAA661BB}.Release|x64.Build.0 = Release|x64
		{B35A4BF9-BB77-43BA-B4F5-F15DAAA661BB}.Release|x86.ActiveCfg = Release|x86
		{B35A4BF9-BB77-43BA-B4F5-F15DAAA661BB}.Release|x86.Build.0 = Release|x86
		{6C96B7C4-F83B-43F6-9EB0-A9DBDDA607D7}.Debug|Any CPU.ActiveCfg = Debug|Any CPU
		{6C96B7C4-F83B-43F6-9EB0-A9DBDDA607D7}.Debug|Any CPU.Build.0 = Debug|Any CPU
		{6C96B7C4-F83B-43F6-9EB0-A9DBDDA607D7}.Debug|x64.ActiveCfg = Debug|x64
		{6C96B7C4-F83B-43F6-9EB0-A9DBDDA607D7}.Debug|x64.Build.0 = Debug|x64
		{6C96B7C4-F83B-43F6-9EB0-A9DBDDA607D7}.Debug|x86.ActiveCfg = Debug|x86
		{6C96B7C4-F83B-43F6-9EB0-A9DBDDA607D7}.Debug|x86.Build.0 = Debug|x86
		{6C96B7C4-F83B-43F6-9EB0-A9DBDDA607D7}.Release|Any CPU.ActiveCfg = Release|Any CPU
		{6C96B7C4-F83B-43F6-9EB0-A9DBDDA607D7}.Release|Any CPU.Build.0 = Release|Any CPU
		{6C96B7C4-F83B-43F6-9EB0-A9DBDDA607D7}.Release|x64.ActiveCfg = Release|x64
		{6C96B7C4-F83B-43F6-9EB0-A9DBDDA607D7}.Release|x64.Build.0 = Release|x64
		{6C96B7C4-F83B-43F6-9EB0-A9DBDDA607D7}.Release|x86.ActiveCfg = Release|x86
		{6C96B7C4-F83B-43F6-9EB0-A9DBDDA607D7}.Release|x86.Build.0 = Release|x86
		{D246B426-7D00-4078-B4AD-15719621FC7F}.Debug|Any CPU.ActiveCfg = Debug|Any CPU
		{D246B426-7D00-4078-B4AD-15719621FC7F}.Debug|Any CPU.Build.0 = Debug|Any CPU
		{D246B426-7D00-4078-B4AD-15719621FC7F}.Debug|x64.ActiveCfg = Debug|x64
		{D246B426-7D00-4078-B4AD-15719621FC7F}.Debug|x64.Build.0 = Debug|x64
		{D246B426-7D00-4078-B4AD-15719621FC7F}.Debug|x86.ActiveCfg = Debug|x86
		{D246B426-7D00-4078-B4AD-15719621FC7F}.Debug|x86.Build.0 = Debug|x86
		{D246B426-7D00-4078-B4AD-15719621FC7F}.Release|Any CPU.ActiveCfg = Release|Any CPU
		{D246B426-7D00-4078-B4AD-15719621FC7F}.Release|Any CPU.Build.0 = Release|Any CPU
		{D246B426-7D00-4078-B4AD-15719621FC7F}.Release|x64.ActiveCfg = Release|x64
		{D246B426-7D00-4078-B4AD-15719621FC7F}.Release|x64.Build.0 = Release|x64
		{D246B426-7D00-4078-B4AD-15719621FC7F}.Release|x86.ActiveCfg = Release|x86
		{D246B426-7D00-4078-B4AD-15719621FC7F}.Release|x86.Build.0 = Release|x86
		{D99600B5-6B2C-489C-A1AC-D7D150F649C5}.Debug|Any CPU.ActiveCfg = Debug|Any CPU
		{D99600B5-6B2C-489C-A1AC-D7D150F649C5}.Debug|Any CPU.Build.0 = Debug|Any CPU
		{D99600B5-6B2C-489C-A1AC-D7D150F649C5}.Debug|x64.ActiveCfg = Debug|x64
		{D99600B5-6B2C-489C-A1AC-D7D150F649C5}.Debug|x64.Build.0 = Debug|x64
		{D99600B5-6B2C-489C-A1AC-D7D150F649C5}.Debug|x86.ActiveCfg = Debug|x86
		{D99600B5-6B2C-489C-A1AC-D7D150F649C5}.Debug|x86.Build.0 = Debug|x86
		{D99600B5-6B2C-489C-A1AC-D7D150F649C5}.Release|Any CPU.ActiveCfg = Release|Any CPU
		{D99600B5-6B2C-489C-A1AC-D7D150F649C5}.Release|Any CPU.Build.0 = Release|Any CPU
		{D99600B5-6B2C-489C-A1AC-D7D150F649C5}.Release|x64.ActiveCfg = Release|x64
		{D99600B5-6B2C-489C-A1AC-D7D150F649C5}.Release|x64.Build.0 = Release|x64
		{D99600B5-6B2C-489C-A1AC-D7D150F649C5}.Release|x86.ActiveCfg = Release|x86
		{D99600B5-6B2C-489C-A1AC-D7D150F649C5}.Release|x86.Build.0 = Release|x86
		{AC0298AE-6AC8-48DC-BCEE-35B916FF44F2}.Debug|Any CPU.ActiveCfg = Debug|Any CPU
		{AC0298AE-6AC8-48DC-BCEE-35B916FF44F2}.Debug|Any CPU.Build.0 = Debug|Any CPU
		{AC0298AE-6AC8-48DC-BCEE-35B916FF44F2}.Debug|x64.ActiveCfg = Debug|x64
		{AC0298AE-6AC8-48DC-BCEE-35B916FF44F2}.Debug|x64.Build.0 = Debug|x64
		{AC0298AE-6AC8-48DC-BCEE-35B916FF44F2}.Debug|x86.ActiveCfg = Debug|x86
		{AC0298AE-6AC8-48DC-BCEE-35B916FF44F2}.Debug|x86.Build.0 = Debug|x86
		{AC0298AE-6AC8-48DC-BCEE-35B916FF44F2}.Release|Any CPU.ActiveCfg = Release|Any CPU
		{AC0298AE-6AC8-48DC-BCEE-35B916FF44F2}.Release|Any CPU.Build.0 = Release|Any CPU
		{AC0298AE-6AC8-48DC-BCEE-35B916FF44F2}.Release|x64.ActiveCfg = Release|x64
		{AC0298AE-6AC8-48DC-BCEE-35B916FF44F2}.Release|x64.Build.0 = Release|x64
		{AC0298AE-6AC8-48DC-BCEE-35B916FF44F2}.Release|x86.ActiveCfg = Release|x86
		{AC0298AE-6AC8-48DC-BCEE-35B916FF44F2}.Release|x86.Build.0 = Release|x86
		{8A89B009-146E-4162-A617-1B039BF8CF2D}.Debug|Any CPU.ActiveCfg = Debug|Any CPU
		{8A89B009-146E-4162-A617-1B039BF8CF2D}.Debug|Any CPU.Build.0 = Debug|Any CPU
		{8A89B009-146E-4162-A617-1B039BF8CF2D}.Debug|x64.ActiveCfg = Debug|x64
		{8A89B009-146E-4162-A617-1B039BF8CF2D}.Debug|x64.Build.0 = Debug|x64
		{8A89B009-146E-4162-A617-1B039BF8CF2D}.Debug|x86.ActiveCfg = Debug|x86
		{8A89B009-146E-4162-A617-1B039BF8CF2D}.Debug|x86.Build.0 = Debug|x86
		{8A89B009-146E-4162-A617-1B039BF8CF2D}.Release|Any CPU.ActiveCfg = Release|Any CPU
		{8A89B009-146E-4162-A617-1B039BF8CF2D}.Release|Any CPU.Build.0 = Release|Any CPU
		{8A89B009-146E-4162-A617-1B039BF8CF2D}.Release|x64.ActiveCfg = Release|x64
		{8A89B009-146E-4162-A617-1B039BF8CF2D}.Release|x64.Build.0 = Release|x64
		{8A89B009-146E-4162-A617-1B039BF8CF2D}.Release|x86.ActiveCfg = Release|x86
		{8A89B009-146E-4162-A617-1B039BF8CF2D}.Release|x86.Build.0 = Release|x86
		{34ED1D1D-0EFC-4DF5-B1D5-17039A41A293}.Debug|Any CPU.ActiveCfg = Debug|Any CPU
		{34ED1D1D-0EFC-4DF5-B1D5-17039A41A293}.Debug|Any CPU.Build.0 = Debug|Any CPU
		{34ED1D1D-0EFC-4DF5-B1D5-17039A41A293}.Debug|x64.ActiveCfg = Debug|x64
		{34ED1D1D-0EFC-4DF5-B1D5-17039A41A293}.Debug|x64.Build.0 = Debug|x64
		{34ED1D1D-0EFC-4DF5-B1D5-17039A41A293}.Debug|x86.ActiveCfg = Debug|x86
		{34ED1D1D-0EFC-4DF5-B1D5-17039A41A293}.Debug|x86.Build.0 = Debug|x86
		{34ED1D1D-0EFC-4DF5-B1D5-17039A41A293}.Release|Any CPU.ActiveCfg = Release|Any CPU
		{34ED1D1D-0EFC-4DF5-B1D5-17039A41A293}.Release|Any CPU.Build.0 = Release|Any CPU
		{34ED1D1D-0EFC-4DF5-B1D5-17039A41A293}.Release|x64.ActiveCfg = Release|x64
		{34ED1D1D-0EFC-4DF5-B1D5-17039A41A293}.Release|x64.Build.0 = Release|x64
		{34ED1D1D-0EFC-4DF5-B1D5-17039A41A293}.Release|x86.ActiveCfg = Release|x86
		{34ED1D1D-0EFC-4DF5-B1D5-17039A41A293}.Release|x86.Build.0 = Release|x86
		{41215429-5E55-433B-B7B3-82F5DC5FC056}.Debug|Any CPU.ActiveCfg = Debug|Any CPU
		{41215429-5E55-433B-B7B3-82F5DC5FC056}.Debug|Any CPU.Build.0 = Debug|Any CPU
		{41215429-5E55-433B-B7B3-82F5DC5FC056}.Debug|x64.ActiveCfg = Debug|x64
		{41215429-5E55-433B-B7B3-82F5DC5FC056}.Debug|x64.Build.0 = Debug|x64
		{41215429-5E55-433B-B7B3-82F5DC5FC056}.Debug|x86.ActiveCfg = Debug|x86
		{41215429-5E55-433B-B7B3-82F5DC5FC056}.Debug|x86.Build.0 = Debug|x86
		{41215429-5E55-433B-B7B3-82F5DC5FC056}.Release|Any CPU.ActiveCfg = Release|Any CPU
		{41215429-5E55-433B-B7B3-82F5DC5FC056}.Release|Any CPU.Build.0 = Release|Any CPU
		{41215429-5E55-433B-B7B3-82F5DC5FC056}.Release|x64.ActiveCfg = Release|x64
		{41215429-5E55-433B-B7B3-82F5DC5FC056}.Release|x64.Build.0 = Release|x64
		{41215429-5E55-433B-B7B3-82F5DC5FC056}.Release|x86.ActiveCfg = Release|x86
		{41215429-5E55-433B-B7B3-82F5DC5FC056}.Release|x86.Build.0 = Release|x86
		{DAE35BA5-EDFC-4DB9-BC91-C94C1A7CD5E4}.Debug|Any CPU.ActiveCfg = Debug|Any CPU
		{DAE35BA5-EDFC-4DB9-BC91-C94C1A7CD5E4}.Debug|Any CPU.Build.0 = Debug|Any CPU
		{DAE35BA5-EDFC-4DB9-BC91-C94C1A7CD5E4}.Debug|x64.ActiveCfg = Debug|x64
		{DAE35BA5-EDFC-4DB9-BC91-C94C1A7CD5E4}.Debug|x64.Build.0 = Debug|x64
		{DAE35BA5-EDFC-4DB9-BC91-C94C1A7CD5E4}.Debug|x86.ActiveCfg = Debug|x86
		{DAE35BA5-EDFC-4DB9-BC91-C94C1A7CD5E4}.Debug|x86.Build.0 = Debug|x86
		{DAE35BA5-EDFC-4DB9-BC91-C94C1A7CD5E4}.Release|Any CPU.ActiveCfg = Release|Any CPU
		{DAE35BA5-EDFC-4DB9-BC91-C94C1A7CD5E4}.Release|Any CPU.Build.0 = Release|Any CPU
		{DAE35BA5-EDFC-4DB9-BC91-C94C1A7CD5E4}.Release|x64.ActiveCfg = Release|x64
		{DAE35BA5-EDFC-4DB9-BC91-C94C1A7CD5E4}.Release|x64.Build.0 = Release|x64
		{DAE35BA5-EDFC-4DB9-BC91-C94C1A7CD5E4}.Release|x86.ActiveCfg = Release|x86
		{DAE35BA5-EDFC-4DB9-BC91-C94C1A7CD5E4}.Release|x86.Build.0 = Release|x86
		{6FF8901B-0189-4B8D-BAA9-4D85F26CB34D}.Debug|Any CPU.ActiveCfg = Debug|Any CPU
		{6FF8901B-0189-4B8D-BAA9-4D85F26CB34D}.Debug|Any CPU.Build.0 = Debug|Any CPU
		{6FF8901B-0189-4B8D-BAA9-4D85F26CB34D}.Debug|x64.ActiveCfg = Debug|x64
		{6FF8901B-0189-4B8D-BAA9-4D85F26CB34D}.Debug|x64.Build.0 = Debug|x64
		{6FF8901B-0189-4B8D-BAA9-4D85F26CB34D}.Debug|x86.ActiveCfg = Debug|x86
		{6FF8901B-0189-4B8D-BAA9-4D85F26CB34D}.Debug|x86.Build.0 = Debug|x86
		{6FF8901B-0189-4B8D-BAA9-4D85F26CB34D}.Release|Any CPU.ActiveCfg = Release|Any CPU
		{6FF8901B-0189-4B8D-BAA9-4D85F26CB34D}.Release|Any CPU.Build.0 = Release|Any CPU
		{6FF8901B-0189-4B8D-BAA9-4D85F26CB34D}.Release|x64.ActiveCfg = Release|x64
		{6FF8901B-0189-4B8D-BAA9-4D85F26CB34D}.Release|x64.Build.0 = Release|x64
		{6FF8901B-0189-4B8D-BAA9-4D85F26CB34D}.Release|x86.ActiveCfg = Release|x86
		{6FF8901B-0189-4B8D-BAA9-4D85F26CB34D}.Release|x86.Build.0 = Release|x86
		{737CC8B0-DBDA-4998-A579-BD22C388C67D}.Debug|Any CPU.ActiveCfg = Debug|Any CPU
		{737CC8B0-DBDA-4998-A579-BD22C388C67D}.Debug|Any CPU.Build.0 = Debug|Any CPU
		{737CC8B0-DBDA-4998-A579-BD22C388C67D}.Debug|x64.ActiveCfg = Debug|x64
		{737CC8B0-DBDA-4998-A579-BD22C388C67D}.Debug|x64.Build.0 = Debug|x64
		{737CC8B0-DBDA-4998-A579-BD22C388C67D}.Debug|x86.ActiveCfg = Debug|x86
		{737CC8B0-DBDA-4998-A579-BD22C388C67D}.Debug|x86.Build.0 = Debug|x86
		{737CC8B0-DBDA-4998-A579-BD22C388C67D}.Release|Any CPU.ActiveCfg = Release|Any CPU
		{737CC8B0-DBDA-4998-A579-BD22C388C67D}.Release|Any CPU.Build.0 = Release|Any CPU
		{737CC8B0-DBDA-4998-A579-BD22C388C67D}.Release|x64.ActiveCfg = Release|x64
		{737CC8B0-DBDA-4998-A579-BD22C388C67D}.Release|x64.Build.0 = Release|x64
		{737CC8B0-DBDA-4998-A579-BD22C388C67D}.Release|x86.ActiveCfg = Release|x86
		{737CC8B0-DBDA-4998-A579-BD22C388C67D}.Release|x86.Build.0 = Release|x86
		{94E8805F-21C0-47FC-96F9-78231E8A99B7}.Debug|Any CPU.ActiveCfg = Debug|Any CPU
		{94E8805F-21C0-47FC-96F9-78231E8A99B7}.Debug|Any CPU.Build.0 = Debug|Any CPU
		{94E8805F-21C0-47FC-96F9-78231E8A99B7}.Debug|x64.ActiveCfg = Debug|x64
		{94E8805F-21C0-47FC-96F9-78231E8A99B7}.Debug|x64.Build.0 = Debug|x64
		{94E8805F-21C0-47FC-96F9-78231E8A99B7}.Debug|x86.ActiveCfg = Debug|x86
		{94E8805F-21C0-47FC-96F9-78231E8A99B7}.Debug|x86.Build.0 = Debug|x86
		{94E8805F-21C0-47FC-96F9-78231E8A99B7}.Release|Any CPU.ActiveCfg = Release|Any CPU
		{94E8805F-21C0-47FC-96F9-78231E8A99B7}.Release|Any CPU.Build.0 = Release|Any CPU
		{94E8805F-21C0-47FC-96F9-78231E8A99B7}.Release|x64.ActiveCfg = Release|x64
		{94E8805F-21C0-47FC-96F9-78231E8A99B7}.Release|x64.Build.0 = Release|x64
		{94E8805F-21C0-47FC-96F9-78231E8A99B7}.Release|x86.ActiveCfg = Release|x86
		{94E8805F-21C0-47FC-96F9-78231E8A99B7}.Release|x86.Build.0 = Release|x86
		{6859D73B-3410-4802-A576-22BCFFE6D1DA}.Debug|Any CPU.ActiveCfg = Debug|Any CPU
		{6859D73B-3410-4802-A576-22BCFFE6D1DA}.Debug|Any CPU.Build.0 = Debug|Any CPU
		{6859D73B-3410-4802-A576-22BCFFE6D1DA}.Debug|x64.ActiveCfg = Debug|Any CPU
		{6859D73B-3410-4802-A576-22BCFFE6D1DA}.Debug|x86.ActiveCfg = Debug|Any CPU
		{6859D73B-3410-4802-A576-22BCFFE6D1DA}.Release|Any CPU.ActiveCfg = Release|Any CPU
		{6859D73B-3410-4802-A576-22BCFFE6D1DA}.Release|Any CPU.Build.0 = Release|Any CPU
		{6859D73B-3410-4802-A576-22BCFFE6D1DA}.Release|x64.ActiveCfg = Release|Any CPU
		{6859D73B-3410-4802-A576-22BCFFE6D1DA}.Release|x86.ActiveCfg = Release|Any CPU
		{C39CE76C-4756-4210-BCAD-6F71FB5080A7}.Debug|Any CPU.ActiveCfg = Debug|Any CPU
		{C39CE76C-4756-4210-BCAD-6F71FB5080A7}.Debug|Any CPU.Build.0 = Debug|Any CPU
		{C39CE76C-4756-4210-BCAD-6F71FB5080A7}.Debug|x64.ActiveCfg = Debug|Any CPU
		{C39CE76C-4756-4210-BCAD-6F71FB5080A7}.Debug|x86.ActiveCfg = Debug|Any CPU
		{C39CE76C-4756-4210-BCAD-6F71FB5080A7}.Release|Any CPU.ActiveCfg = Release|Any CPU
		{C39CE76C-4756-4210-BCAD-6F71FB5080A7}.Release|Any CPU.Build.0 = Release|Any CPU
		{C39CE76C-4756-4210-BCAD-6F71FB5080A7}.Release|x64.ActiveCfg = Release|Any CPU
		{C39CE76C-4756-4210-BCAD-6F71FB5080A7}.Release|x86.ActiveCfg = Release|Any CPU
		{38ADA692-27C4-43A8-9F2F-C13FB98D8C46}.Debug|Any CPU.ActiveCfg = Debug|Any CPU
		{38ADA692-27C4-43A8-9F2F-C13FB98D8C46}.Debug|Any CPU.Build.0 = Debug|Any CPU
		{38ADA692-27C4-43A8-9F2F-C13FB98D8C46}.Debug|x64.ActiveCfg = Debug|Any CPU
		{38ADA692-27C4-43A8-9F2F-C13FB98D8C46}.Debug|x86.ActiveCfg = Debug|Any CPU
		{38ADA692-27C4-43A8-9F2F-C13FB98D8C46}.Release|Any CPU.ActiveCfg = Release|Any CPU
		{38ADA692-27C4-43A8-9F2F-C13FB98D8C46}.Release|Any CPU.Build.0 = Release|Any CPU
		{38ADA692-27C4-43A8-9F2F-C13FB98D8C46}.Release|x64.ActiveCfg = Release|Any CPU
		{38ADA692-27C4-43A8-9F2F-C13FB98D8C46}.Release|x86.ActiveCfg = Release|Any CPU
		{E8783B29-20F6-46CE-8449-40E76ABB3FA3}.Debug|Any CPU.ActiveCfg = Debug|Any CPU
		{E8783B29-20F6-46CE-8449-40E76ABB3FA3}.Debug|Any CPU.Build.0 = Debug|Any CPU
		{E8783B29-20F6-46CE-8449-40E76ABB3FA3}.Debug|x64.ActiveCfg = Debug|Any CPU
		{E8783B29-20F6-46CE-8449-40E76ABB3FA3}.Debug|x86.ActiveCfg = Debug|Any CPU
		{E8783B29-20F6-46CE-8449-40E76ABB3FA3}.Release|Any CPU.ActiveCfg = Release|Any CPU
		{E8783B29-20F6-46CE-8449-40E76ABB3FA3}.Release|Any CPU.Build.0 = Release|Any CPU
		{E8783B29-20F6-46CE-8449-40E76ABB3FA3}.Release|x64.ActiveCfg = Release|Any CPU
		{E8783B29-20F6-46CE-8449-40E76ABB3FA3}.Release|x86.ActiveCfg = Release|Any CPU
		{24FCADBD-F0BC-4FC4-B9EF-1BE6E8E0FECD}.Debug|Any CPU.ActiveCfg = Debug|Any CPU
		{24FCADBD-F0BC-4FC4-B9EF-1BE6E8E0FECD}.Debug|Any CPU.Build.0 = Debug|Any CPU
		{24FCADBD-F0BC-4FC4-B9EF-1BE6E8E0FECD}.Debug|x64.ActiveCfg = Debug|Any CPU
		{24FCADBD-F0BC-4FC4-B9EF-1BE6E8E0FECD}.Debug|x86.ActiveCfg = Debug|Any CPU
		{24FCADBD-F0BC-4FC4-B9EF-1BE6E8E0FECD}.Release|Any CPU.ActiveCfg = Release|Any CPU
		{24FCADBD-F0BC-4FC4-B9EF-1BE6E8E0FECD}.Release|Any CPU.Build.0 = Release|Any CPU
		{24FCADBD-F0BC-4FC4-B9EF-1BE6E8E0FECD}.Release|x64.ActiveCfg = Release|Any CPU
		{24FCADBD-F0BC-4FC4-B9EF-1BE6E8E0FECD}.Release|x86.ActiveCfg = Release|Any CPU
		{B30EEC2A-2DF4-42E8-84F9-04426E8CFE56}.Debug|Any CPU.ActiveCfg = Debug|Any CPU
		{B30EEC2A-2DF4-42E8-84F9-04426E8CFE56}.Debug|Any CPU.Build.0 = Debug|Any CPU
		{B30EEC2A-2DF4-42E8-84F9-04426E8CFE56}.Debug|x64.ActiveCfg = Debug|Any CPU
		{B30EEC2A-2DF4-42E8-84F9-04426E8CFE56}.Debug|x86.ActiveCfg = Debug|Any CPU
		{B30EEC2A-2DF4-42E8-84F9-04426E8CFE56}.Release|Any CPU.ActiveCfg = Release|Any CPU
		{B30EEC2A-2DF4-42E8-84F9-04426E8CFE56}.Release|Any CPU.Build.0 = Release|Any CPU
		{B30EEC2A-2DF4-42E8-84F9-04426E8CFE56}.Release|x64.ActiveCfg = Release|Any CPU
		{B30EEC2A-2DF4-42E8-84F9-04426E8CFE56}.Release|x86.ActiveCfg = Release|Any CPU
		{5A48B67F-1E7E-4ED6-A201-F6CC8E7E6788}.Debug|Any CPU.ActiveCfg = Debug|Any CPU
		{5A48B67F-1E7E-4ED6-A201-F6CC8E7E6788}.Debug|Any CPU.Build.0 = Debug|Any CPU
		{5A48B67F-1E7E-4ED6-A201-F6CC8E7E6788}.Debug|x64.ActiveCfg = Debug|Any CPU
		{5A48B67F-1E7E-4ED6-A201-F6CC8E7E6788}.Debug|x86.ActiveCfg = Debug|Any CPU
		{5A48B67F-1E7E-4ED6-A201-F6CC8E7E6788}.Release|Any CPU.ActiveCfg = Release|Any CPU
		{5A48B67F-1E7E-4ED6-A201-F6CC8E7E6788}.Release|Any CPU.Build.0 = Release|Any CPU
		{5A48B67F-1E7E-4ED6-A201-F6CC8E7E6788}.Release|x64.ActiveCfg = Release|Any CPU
		{5A48B67F-1E7E-4ED6-A201-F6CC8E7E6788}.Release|x86.ActiveCfg = Release|Any CPU
		{0E38977B-8E28-48F5-8FAC-364F36538E10}.Debug|Any CPU.ActiveCfg = Debug|Any CPU
		{0E38977B-8E28-48F5-8FAC-364F36538E10}.Debug|Any CPU.Build.0 = Debug|Any CPU
		{0E38977B-8E28-48F5-8FAC-364F36538E10}.Debug|x64.ActiveCfg = Debug|Any CPU
		{0E38977B-8E28-48F5-8FAC-364F36538E10}.Debug|x86.ActiveCfg = Debug|Any CPU
		{0E38977B-8E28-48F5-8FAC-364F36538E10}.Release|Any CPU.ActiveCfg = Release|Any CPU
		{0E38977B-8E28-48F5-8FAC-364F36538E10}.Release|Any CPU.Build.0 = Release|Any CPU
		{0E38977B-8E28-48F5-8FAC-364F36538E10}.Release|x64.ActiveCfg = Release|Any CPU
		{0E38977B-8E28-48F5-8FAC-364F36538E10}.Release|x86.ActiveCfg = Release|Any CPU
		{16DBB7B7-5760-4C7A-8171-9A391C59D418}.Debug|Any CPU.ActiveCfg = Debug|Any CPU
		{16DBB7B7-5760-4C7A-8171-9A391C59D418}.Debug|Any CPU.Build.0 = Debug|Any CPU
		{16DBB7B7-5760-4C7A-8171-9A391C59D418}.Debug|x64.ActiveCfg = Debug|Any CPU
		{16DBB7B7-5760-4C7A-8171-9A391C59D418}.Debug|x86.ActiveCfg = Debug|Any CPU
		{16DBB7B7-5760-4C7A-8171-9A391C59D418}.Release|Any CPU.ActiveCfg = Release|Any CPU
		{16DBB7B7-5760-4C7A-8171-9A391C59D418}.Release|Any CPU.Build.0 = Release|Any CPU
		{16DBB7B7-5760-4C7A-8171-9A391C59D418}.Release|x64.ActiveCfg = Release|Any CPU
		{16DBB7B7-5760-4C7A-8171-9A391C59D418}.Release|x86.ActiveCfg = Release|Any CPU
		{23CE6007-D412-4182-9809-ED02D974CF64}.Debug|Any CPU.ActiveCfg = Debug|Any CPU
		{23CE6007-D412-4182-9809-ED02D974CF64}.Debug|Any CPU.Build.0 = Debug|Any CPU
		{23CE6007-D412-4182-9809-ED02D974CF64}.Debug|x64.ActiveCfg = Debug|Any CPU
		{23CE6007-D412-4182-9809-ED02D974CF64}.Debug|x86.ActiveCfg = Debug|Any CPU
		{23CE6007-D412-4182-9809-ED02D974CF64}.Release|Any CPU.ActiveCfg = Release|Any CPU
		{23CE6007-D412-4182-9809-ED02D974CF64}.Release|Any CPU.Build.0 = Release|Any CPU
		{23CE6007-D412-4182-9809-ED02D974CF64}.Release|x64.ActiveCfg = Release|Any CPU
		{23CE6007-D412-4182-9809-ED02D974CF64}.Release|x86.ActiveCfg = Release|Any CPU
		{8740B467-6D65-427C-B85B-5CBE24586B1F}.Debug|Any CPU.ActiveCfg = Debug|Any CPU
		{8740B467-6D65-427C-B85B-5CBE24586B1F}.Debug|Any CPU.Build.0 = Debug|Any CPU
		{8740B467-6D65-427C-B85B-5CBE24586B1F}.Debug|x64.ActiveCfg = Debug|Any CPU
		{8740B467-6D65-427C-B85B-5CBE24586B1F}.Debug|x86.ActiveCfg = Debug|Any CPU
		{8740B467-6D65-427C-B85B-5CBE24586B1F}.Release|Any CPU.ActiveCfg = Release|Any CPU
		{8740B467-6D65-427C-B85B-5CBE24586B1F}.Release|Any CPU.Build.0 = Release|Any CPU
		{8740B467-6D65-427C-B85B-5CBE24586B1F}.Release|x64.ActiveCfg = Release|Any CPU
		{8740B467-6D65-427C-B85B-5CBE24586B1F}.Release|x86.ActiveCfg = Release|Any CPU
		{841BC84E-BC4B-4D55-B5D2-64B68E5CF206}.Debug|Any CPU.ActiveCfg = Debug|Any CPU
		{841BC84E-BC4B-4D55-B5D2-64B68E5CF206}.Debug|Any CPU.Build.0 = Debug|Any CPU
		{841BC84E-BC4B-4D55-B5D2-64B68E5CF206}.Debug|x64.ActiveCfg = Debug|Any CPU
		{841BC84E-BC4B-4D55-B5D2-64B68E5CF206}.Debug|x86.ActiveCfg = Debug|Any CPU
		{841BC84E-BC4B-4D55-B5D2-64B68E5CF206}.Release|Any CPU.ActiveCfg = Release|Any CPU
		{841BC84E-BC4B-4D55-B5D2-64B68E5CF206}.Release|Any CPU.Build.0 = Release|Any CPU
		{841BC84E-BC4B-4D55-B5D2-64B68E5CF206}.Release|x64.ActiveCfg = Release|Any CPU
		{841BC84E-BC4B-4D55-B5D2-64B68E5CF206}.Release|x86.ActiveCfg = Release|Any CPU
	EndGlobalSection
	GlobalSection(SolutionProperties) = preSolution
		HideSolutionNode = FALSE
	EndGlobalSection
EndGlobal
